// !$*UTF8*$!
{
	archiveVersion = 1;
	classes = {
	};
	objectVersion = 46;
	objects = {

/* Begin PBXBuildFile section */
		E74A0C8B152772DB00B06805 /* UIKit.framework in Frameworks */ = {isa = PBXBuildFile; fileRef = E74A0C8A152772DB00B06805 /* UIKit.framework */; };
		E74A0C8D152772DB00B06805 /* Foundation.framework in Frameworks */ = {isa = PBXBuildFile; fileRef = E74A0C8C152772DB00B06805 /* Foundation.framework */; };
		E74A0C8F152772DB00B06805 /* CoreGraphics.framework in Frameworks */ = {isa = PBXBuildFile; fileRef = E74A0C8E152772DB00B06805 /* CoreGraphics.framework */; };
		E74A0C95152772DB00B06805 /* InfoPlist.strings in Resources */ = {isa = PBXBuildFile; fileRef = E74A0C93152772DB00B06805 /* InfoPlist.strings */; };
		E74A0C97152772DB00B06805 /* main.m in Sources */ = {isa = PBXBuildFile; fileRef = E74A0C96152772DB00B06805 /* main.m */; };
		E74A0C9B152772DC00B06805 /* WFTAppDelegate.m in Sources */ = {isa = PBXBuildFile; fileRef = E74A0C9A152772DC00B06805 /* WFTAppDelegate.m */; };
		E74A0C9E152772DC00B06805 /* MainStoryboard_iPhone.storyboard in Resources */ = {isa = PBXBuildFile; fileRef = E74A0C9C152772DC00B06805 /* MainStoryboard_iPhone.storyboard */; };
		E74A0CA1152772DC00B06805 /* MainStoryboard_iPad.storyboard in Resources */ = {isa = PBXBuildFile; fileRef = E74A0C9F152772DC00B06805 /* MainStoryboard_iPad.storyboard */; };
		E74A0CA4152772DC00B06805 /* WFTFirstViewController.m in Sources */ = {isa = PBXBuildFile; fileRef = E74A0CA3152772DC00B06805 /* WFTFirstViewController.m */; };
		E74A0CB7152772DC00B06805 /* SenTestingKit.framework in Frameworks */ = {isa = PBXBuildFile; fileRef = E74A0CB6152772DC00B06805 /* SenTestingKit.framework */; };
		E74A0CB8152772DC00B06805 /* UIKit.framework in Frameworks */ = {isa = PBXBuildFile; fileRef = E74A0C8A152772DB00B06805 /* UIKit.framework */; };
		E74A0CB9152772DC00B06805 /* Foundation.framework in Frameworks */ = {isa = PBXBuildFile; fileRef = E74A0C8C152772DB00B06805 /* Foundation.framework */; };
		E74A0CC1152772DC00B06805 /* InfoPlist.strings in Resources */ = {isa = PBXBuildFile; fileRef = E74A0CBF152772DC00B06805 /* InfoPlist.strings */; };
		E74A0CC4152772DC00B06805 /* TrackerTests.m in Sources */ = {isa = PBXBuildFile; fileRef = E74A0CC3152772DC00B06805 /* TrackerTests.m */; };
		E74A0CD31527750600B06805 /* WFTLocate.m in Sources */ = {isa = PBXBuildFile; fileRef = E74A0CD21527750600B06805 /* WFTLocate.m */; };
		E74A0CD51527753800B06805 /* CoreLocation.framework in Frameworks */ = {isa = PBXBuildFile; fileRef = E74A0CD41527753800B06805 /* CoreLocation.framework */; };
		E74A0CD71527753E00B06805 /* Twitter.framework in Frameworks */ = {isa = PBXBuildFile; fileRef = E74A0CD61527753E00B06805 /* Twitter.framework */; };
		E764D8CE1527D78B00BD07D4 /* Icon.png in Resources */ = {isa = PBXBuildFile; fileRef = E764D8CD1527D78B00BD07D4 /* Icon.png */; };
		E764D8D11527D82100BD07D4 /* Icon@2x.png in Resources */ = {isa = PBXBuildFile; fileRef = E764D8D01527D82100BD07D4 /* Icon@2x.png */; };
		E764D8D31527D83000BD07D4 /* Icon@2x.png in Resources */ = {isa = PBXBuildFile; fileRef = E764D8D21527D83000BD07D4 /* Icon@2x.png */; };
		E764D8D51527D83A00BD07D4 /* Icon.png in Resources */ = {isa = PBXBuildFile; fileRef = E764D8D41527D83A00BD07D4 /* Icon.png */; };
		E764D8D81527E28200BD07D4 /* Button.png in Resources */ = {isa = PBXBuildFile; fileRef = E764D8D61527E28200BD07D4 /* Button.png */; };
		E764D8D91527E28200BD07D4 /* Button@2x.png in Resources */ = {isa = PBXBuildFile; fileRef = E764D8D71527E28200BD07D4 /* Button@2x.png */; };
		E764D8DD152803A000BD07D4 /* Call911.png in Resources */ = {isa = PBXBuildFile; fileRef = E764D8DA152803A000BD07D4 /* Call911.png */; };
		E764D8DE152803A000BD07D4 /* Call911@2x.png in Resources */ = {isa = PBXBuildFile; fileRef = E764D8DB152803A000BD07D4 /* Call911@2x.png */; };
		E764D8DF152803A000BD07D4 /* ReportUIBackground@2x.png in Resources */ = {isa = PBXBuildFile; fileRef = E764D8DC152803A000BD07D4 /* ReportUIBackground@2x.png */; };
		E764D8E215280D2800BD07D4 /* WFTSubmitReportFinalViewController.m in Sources */ = {isa = PBXBuildFile; fileRef = E764D8E115280D2800BD07D4 /* WFTSubmitReportFinalViewController.m */; };
		E764D8E51528120E00BD07D4 /* WFTSubmissionNavigationViewController.m in Sources */ = {isa = PBXBuildFile; fileRef = E764D8E41528120E00BD07D4 /* WFTSubmissionNavigationViewController.m */; };
		E764D8EF15281ABE00BD07D4 /* QuartzCore.framework in Frameworks */ = {isa = PBXBuildFile; fileRef = E764D8EE15281ABE00BD07D4 /* QuartzCore.framework */; };
		E764D8F215281DEE00BD07D4 /* WFTJSONRequest.m in Sources */ = {isa = PBXBuildFile; fileRef = E764D8F115281DEE00BD07D4 /* WFTJSONRequest.m */; };
		E785641F152790240089753F /* libz.dylib in Frameworks */ = {isa = PBXBuildFile; fileRef = E785641E152790240089753F /* libz.dylib */; };
		E7856423152791FF0089753F /* WFTReportViewController.m in Sources */ = {isa = PBXBuildFile; fileRef = E7856422152791FF0089753F /* WFTReportViewController.m */; };
		E78564261527971A0089753F /* WFTSubmission.m in Sources */ = {isa = PBXBuildFile; fileRef = E78564251527971A0089753F /* WFTSubmission.m */; };
		E78564291527A4AB0089753F /* WFTEmergencyCallViewController.m in Sources */ = {isa = PBXBuildFile; fileRef = E78564281527A4AB0089753F /* WFTEmergencyCallViewController.m */; };
		E79EF2801527815E0046FE34 /* WFTMKViewController.m in Sources */ = {isa = PBXBuildFile; fileRef = E79EF27F1527815E0046FE34 /* WFTMKViewController.m */; };
		E79EF282152781B80046FE34 /* MapKit.framework in Frameworks */ = {isa = PBXBuildFile; fileRef = E79EF281152781B80046FE34 /* MapKit.framework */; };
		E79EF288152786520046FE34 /* WFTSettingsViewController.m in Sources */ = {isa = PBXBuildFile; fileRef = E79EF287152786520046FE34 /* WFTSettingsViewController.m */; };
		E79EF28C15278AD40046FE34 /* WFTFireListTableController.m in Sources */ = {isa = PBXBuildFile; fileRef = E79EF28B15278AD40046FE34 /* WFTFireListTableController.m */; };
		E79EF28F15278D3F0046FE34 /* libTestFlight.a in Frameworks */ = {isa = PBXBuildFile; fileRef = E79EF28D15278D3F0046FE34 /* libTestFlight.a */; };
		E79EF29215278DA60046FE34 /* WFTUser.m in Sources */ = {isa = PBXBuildFile; fileRef = E79EF29115278DA60046FE34 /* WFTUser.m */; };
		E7A0B3101527BFBD00401946 /* 911@2x.png in Resources */ = {isa = PBXBuildFile; fileRef = E7A0B30A1527BFBD00401946 /* 911@2x.png */; };
		E7A0B3111527BFBD00401946 /* Account@2x.png in Resources */ = {isa = PBXBuildFile; fileRef = E7A0B30B1527BFBD00401946 /* Account@2x.png */; };
		E7A0B3121527BFBD00401946 /* Camera@2x.png in Resources */ = {isa = PBXBuildFile; fileRef = E7A0B30C1527BFBD00401946 /* Camera@2x.png */; };
		E7A0B3131527BFBD00401946 /* Location@2x.png in Resources */ = {isa = PBXBuildFile; fileRef = E7A0B30D1527BFBD00401946 /* Location@2x.png */; };
		E7A0B3141527BFBD00401946 /* Map@2x.png in Resources */ = {isa = PBXBuildFile; fileRef = E7A0B30E1527BFBD00401946 /* Map@2x.png */; };
		E7A0B3151527BFBD00401946 /* Report@2x.png in Resources */ = {isa = PBXBuildFile; fileRef = E7A0B30F1527BFBD00401946 /* Report@2x.png */; };
		E7A0B31C1527C1E200401946 /* 911.png in Resources */ = {isa = PBXBuildFile; fileRef = E7A0B3161527C1E200401946 /* 911.png */; };
		E7A0B31D1527C1E200401946 /* Account.png in Resources */ = {isa = PBXBuildFile; fileRef = E7A0B3171527C1E200401946 /* Account.png */; };
		E7A0B31E1527C1E200401946 /* Camera.png in Resources */ = {isa = PBXBuildFile; fileRef = E7A0B3181527C1E200401946 /* Camera.png */; };
		E7A0B31F1527C1E200401946 /* Location.png in Resources */ = {isa = PBXBuildFile; fileRef = E7A0B3191527C1E200401946 /* Location.png */; };
		E7A0B3201527C1E200401946 /* Map.png in Resources */ = {isa = PBXBuildFile; fileRef = E7A0B31A1527C1E200401946 /* Map.png */; };
		E7A0B3211527C1E200401946 /* Report.png in Resources */ = {isa = PBXBuildFile; fileRef = E7A0B31B1527C1E200401946 /* Report.png */; };
		E7A0B3321527CD6D00401946 /* DeletePhoto.png in Resources */ = {isa = PBXBuildFile; fileRef = E7A0B3221527CD6D00401946 /* DeletePhoto.png */; };
		E7A0B3331527CD6D00401946 /* DeletePhoto@2x.png in Resources */ = {isa = PBXBuildFile; fileRef = E7A0B3231527CD6D00401946 /* DeletePhoto@2x.png */; };
		E7A0B3341527CD6D00401946 /* Filter.png in Resources */ = {isa = PBXBuildFile; fileRef = E7A0B3241527CD6D00401946 /* Filter.png */; };
		E7A0B3351527CD6D00401946 /* Filter@2x.png in Resources */ = {isa = PBXBuildFile; fileRef = E7A0B3251527CD6D00401946 /* Filter@2x.png */; };
		E7A0B3361527CD6D00401946 /* Fire0.png in Resources */ = {isa = PBXBuildFile; fileRef = E7A0B3261527CD6D00401946 /* Fire0.png */; };
		E7A0B3371527CD6D00401946 /* Fire0@2x.png in Resources */ = {isa = PBXBuildFile; fileRef = E7A0B3271527CD6D00401946 /* Fire0@2x.png */; };
		E7A0B3381527CD6D00401946 /* Fire1.png in Resources */ = {isa = PBXBuildFile; fileRef = E7A0B3281527CD6D00401946 /* Fire1.png */; };
		E7A0B3391527CD6D00401946 /* Fire1@2x.png in Resources */ = {isa = PBXBuildFile; fileRef = E7A0B3291527CD6D00401946 /* Fire1@2x.png */; };
		E7A0B33A1527CD6D00401946 /* Fire2.png in Resources */ = {isa = PBXBuildFile; fileRef = E7A0B32A1527CD6D00401946 /* Fire2.png */; };
		E7A0B33B1527CD6D00401946 /* Fire2@2x.png in Resources */ = {isa = PBXBuildFile; fileRef = E7A0B32B1527CD6D00401946 /* Fire2@2x.png */; };
		E7A0B33C1527CD6D00401946 /* Fire3.png in Resources */ = {isa = PBXBuildFile; fileRef = E7A0B32C1527CD6D00401946 /* Fire3.png */; };
		E7A0B33D1527CD6D00401946 /* Fire3@2x.png in Resources */ = {isa = PBXBuildFile; fileRef = E7A0B32D1527CD6D00401946 /* Fire3@2x.png */; };
		E7A0B33E1527CD6D00401946 /* List.png in Resources */ = {isa = PBXBuildFile; fileRef = E7A0B32E1527CD6D00401946 /* List.png */; };
		E7A0B33F1527CD6D00401946 /* List@2x.png in Resources */ = {isa = PBXBuildFile; fileRef = E7A0B32F1527CD6D00401946 /* List@2x.png */; };
		E7A0B3401527CD6D00401946 /* Search.png in Resources */ = {isa = PBXBuildFile; fileRef = E7A0B3301527CD6D00401946 /* Search.png */; };
		E7A0B3411527CD6D00401946 /* Search@2x.png in Resources */ = {isa = PBXBuildFile; fileRef = E7A0B3311527CD6D00401946 /* Search@2x.png */; };
/* End PBXBuildFile section */

/* Begin PBXContainerItemProxy section */
		E74A0CBA152772DC00B06805 /* PBXContainerItemProxy */ = {
			isa = PBXContainerItemProxy;
			containerPortal = E74A0C7D152772DB00B06805 /* Project object */;
			proxyType = 1;
			remoteGlobalIDString = E74A0C85152772DB00B06805;
			remoteInfo = Tracker;
		};
/* End PBXContainerItemProxy section */

/* Begin PBXFileReference section */
		E74A0C86152772DB00B06805 /* Tracker.app */ = {isa = PBXFileReference; explicitFileType = wrapper.application; includeInIndex = 0; path = Tracker.app; sourceTree = BUILT_PRODUCTS_DIR; };
		E74A0C8A152772DB00B06805 /* UIKit.framework */ = {isa = PBXFileReference; lastKnownFileType = wrapper.framework; name = UIKit.framework; path = System/Library/Frameworks/UIKit.framework; sourceTree = SDKROOT; };
		E74A0C8C152772DB00B06805 /* Foundation.framework */ = {isa = PBXFileReference; lastKnownFileType = wrapper.framework; name = Foundation.framework; path = System/Library/Frameworks/Foundation.framework; sourceTree = SDKROOT; };
		E74A0C8E152772DB00B06805 /* CoreGraphics.framework */ = {isa = PBXFileReference; lastKnownFileType = wrapper.framework; name = CoreGraphics.framework; path = System/Library/Frameworks/CoreGraphics.framework; sourceTree = SDKROOT; };
		E74A0C92152772DB00B06805 /* Tracker-Info.plist */ = {isa = PBXFileReference; lastKnownFileType = text.plist.xml; path = "Tracker-Info.plist"; sourceTree = "<group>"; };
		E74A0C94152772DB00B06805 /* en */ = {isa = PBXFileReference; lastKnownFileType = text.plist.strings; name = en; path = en.lproj/InfoPlist.strings; sourceTree = "<group>"; };
		E74A0C96152772DB00B06805 /* main.m */ = {isa = PBXFileReference; lastKnownFileType = sourcecode.c.objc; path = main.m; sourceTree = "<group>"; };
		E74A0C98152772DB00B06805 /* Tracker-Prefix.pch */ = {isa = PBXFileReference; lastKnownFileType = sourcecode.c.h; path = "Tracker-Prefix.pch"; sourceTree = "<group>"; };
		E74A0C99152772DB00B06805 /* WFTAppDelegate.h */ = {isa = PBXFileReference; lastKnownFileType = sourcecode.c.h; path = WFTAppDelegate.h; sourceTree = "<group>"; };
		E74A0C9A152772DC00B06805 /* WFTAppDelegate.m */ = {isa = PBXFileReference; lastKnownFileType = sourcecode.c.objc; path = WFTAppDelegate.m; sourceTree = "<group>"; };
		E74A0C9D152772DC00B06805 /* en */ = {isa = PBXFileReference; lastKnownFileType = file.storyboard; name = en; path = en.lproj/MainStoryboard_iPhone.storyboard; sourceTree = "<group>"; };
		E74A0CA0152772DC00B06805 /* en */ = {isa = PBXFileReference; lastKnownFileType = file.storyboard; name = en; path = en.lproj/MainStoryboard_iPad.storyboard; sourceTree = "<group>"; };
		E74A0CA2152772DC00B06805 /* WFTFirstViewController.h */ = {isa = PBXFileReference; lastKnownFileType = sourcecode.c.h; path = WFTFirstViewController.h; sourceTree = "<group>"; };
		E74A0CA3152772DC00B06805 /* WFTFirstViewController.m */ = {isa = PBXFileReference; lastKnownFileType = sourcecode.c.objc; path = WFTFirstViewController.m; sourceTree = "<group>"; };
		E74A0CB5152772DC00B06805 /* TrackerTests.octest */ = {isa = PBXFileReference; explicitFileType = wrapper.cfbundle; includeInIndex = 0; path = TrackerTests.octest; sourceTree = BUILT_PRODUCTS_DIR; };
		E74A0CB6152772DC00B06805 /* SenTestingKit.framework */ = {isa = PBXFileReference; lastKnownFileType = wrapper.framework; name = SenTestingKit.framework; path = Library/Frameworks/SenTestingKit.framework; sourceTree = DEVELOPER_DIR; };
		E74A0CBE152772DC00B06805 /* TrackerTests-Info.plist */ = {isa = PBXFileReference; lastKnownFileType = text.plist.xml; path = "TrackerTests-Info.plist"; sourceTree = "<group>"; };
		E74A0CC0152772DC00B06805 /* en */ = {isa = PBXFileReference; lastKnownFileType = text.plist.strings; name = en; path = en.lproj/InfoPlist.strings; sourceTree = "<group>"; };
		E74A0CC2152772DC00B06805 /* TrackerTests.h */ = {isa = PBXFileReference; lastKnownFileType = sourcecode.c.h; path = TrackerTests.h; sourceTree = "<group>"; };
		E74A0CC3152772DC00B06805 /* TrackerTests.m */ = {isa = PBXFileReference; lastKnownFileType = sourcecode.c.objc; path = TrackerTests.m; sourceTree = "<group>"; };
		E74A0CD11527750600B06805 /* WFTLocate.h */ = {isa = PBXFileReference; fileEncoding = 4; lastKnownFileType = sourcecode.c.h; path = WFTLocate.h; sourceTree = "<group>"; };
		E74A0CD21527750600B06805 /* WFTLocate.m */ = {isa = PBXFileReference; fileEncoding = 4; lastKnownFileType = sourcecode.c.objc; path = WFTLocate.m; sourceTree = "<group>"; };
		E74A0CD41527753800B06805 /* CoreLocation.framework */ = {isa = PBXFileReference; lastKnownFileType = wrapper.framework; name = CoreLocation.framework; path = System/Library/Frameworks/CoreLocation.framework; sourceTree = SDKROOT; };
		E74A0CD61527753E00B06805 /* Twitter.framework */ = {isa = PBXFileReference; lastKnownFileType = wrapper.framework; name = Twitter.framework; path = System/Library/Frameworks/Twitter.framework; sourceTree = SDKROOT; };
		E764D8CD1527D78B00BD07D4 /* Icon.png */ = {isa = PBXFileReference; lastKnownFileType = image.png; name = Icon.png; path = Images/Icon.png; sourceTree = "<group>"; };
		E764D8D01527D82100BD07D4 /* Icon@2x.png */ = {isa = PBXFileReference; lastKnownFileType = image.png; name = "Icon@2x.png"; path = "Images/Icon@2x.png"; sourceTree = "<group>"; };
		E764D8D21527D83000BD07D4 /* Icon@2x.png */ = {isa = PBXFileReference; lastKnownFileType = image.png; path = "Icon@2x.png"; sourceTree = "<group>"; };
		E764D8D41527D83A00BD07D4 /* Icon.png */ = {isa = PBXFileReference; lastKnownFileType = image.png; path = Icon.png; sourceTree = "<group>"; };
		E764D8D61527E28200BD07D4 /* Button.png */ = {isa = PBXFileReference; lastKnownFileType = image.png; name = Button.png; path = Images/Button.png; sourceTree = "<group>"; };
		E764D8D71527E28200BD07D4 /* Button@2x.png */ = {isa = PBXFileReference; lastKnownFileType = image.png; name = "Button@2x.png"; path = "Images/Button@2x.png"; sourceTree = "<group>"; };
		E764D8DA152803A000BD07D4 /* Call911.png */ = {isa = PBXFileReference; lastKnownFileType = image.png; name = Call911.png; path = Images/Call911.png; sourceTree = "<group>"; };
		E764D8DB152803A000BD07D4 /* Call911@2x.png */ = {isa = PBXFileReference; lastKnownFileType = image.png; name = "Call911@2x.png"; path = "Images/Call911@2x.png"; sourceTree = "<group>"; };
		E764D8DC152803A000BD07D4 /* ReportUIBackground@2x.png */ = {isa = PBXFileReference; lastKnownFileType = image.png; name = "ReportUIBackground@2x.png"; path = "Images/ReportUIBackground@2x.png"; sourceTree = "<group>"; };
		E764D8E015280D2800BD07D4 /* WFTSubmitReportFinalViewController.h */ = {isa = PBXFileReference; fileEncoding = 4; lastKnownFileType = sourcecode.c.h; path = WFTSubmitReportFinalViewController.h; sourceTree = "<group>"; };
		E764D8E115280D2800BD07D4 /* WFTSubmitReportFinalViewController.m */ = {isa = PBXFileReference; fileEncoding = 4; lastKnownFileType = sourcecode.c.objc; path = WFTSubmitReportFinalViewController.m; sourceTree = "<group>"; };
		E764D8E31528120E00BD07D4 /* WFTSubmissionNavigationViewController.h */ = {isa = PBXFileReference; fileEncoding = 4; lastKnownFileType = sourcecode.c.h; path = WFTSubmissionNavigationViewController.h; sourceTree = "<group>"; };
		E764D8E41528120E00BD07D4 /* WFTSubmissionNavigationViewController.m */ = {isa = PBXFileReference; fileEncoding = 4; lastKnownFileType = sourcecode.c.objc; path = WFTSubmissionNavigationViewController.m; sourceTree = "<group>"; };
		E764D8EE15281ABE00BD07D4 /* QuartzCore.framework */ = {isa = PBXFileReference; lastKnownFileType = wrapper.framework; name = QuartzCore.framework; path = System/Library/Frameworks/QuartzCore.framework; sourceTree = SDKROOT; };
		E764D8F015281DEE00BD07D4 /* WFTJSONRequest.h */ = {isa = PBXFileReference; fileEncoding = 4; lastKnownFileType = sourcecode.c.h; path = WFTJSONRequest.h; sourceTree = "<group>"; };
		E764D8F115281DEE00BD07D4 /* WFTJSONRequest.m */ = {isa = PBXFileReference; fileEncoding = 4; lastKnownFileType = sourcecode.c.objc; path = WFTJSONRequest.m; sourceTree = "<group>"; };
		E785641E152790240089753F /* libz.dylib */ = {isa = PBXFileReference; lastKnownFileType = "compiled.mach-o.dylib"; name = libz.dylib; path = usr/lib/libz.dylib; sourceTree = SDKROOT; };
		E7856421152791FF0089753F /* WFTReportViewController.h */ = {isa = PBXFileReference; fileEncoding = 4; lastKnownFileType = sourcecode.c.h; path = WFTReportViewController.h; sourceTree = "<group>"; };
		E7856422152791FF0089753F /* WFTReportViewController.m */ = {isa = PBXFileReference; fileEncoding = 4; lastKnownFileType = sourcecode.c.objc; path = WFTReportViewController.m; sourceTree = "<group>"; };
		E78564241527971A0089753F /* WFTSubmission.h */ = {isa = PBXFileReference; fileEncoding = 4; lastKnownFileType = sourcecode.c.h; path = WFTSubmission.h; sourceTree = "<group>"; };
		E78564251527971A0089753F /* WFTSubmission.m */ = {isa = PBXFileReference; fileEncoding = 4; lastKnownFileType = sourcecode.c.objc; path = WFTSubmission.m; sourceTree = "<group>"; };
		E78564271527A4AB0089753F /* WFTEmergencyCallViewController.h */ = {isa = PBXFileReference; fileEncoding = 4; lastKnownFileType = sourcecode.c.h; path = WFTEmergencyCallViewController.h; sourceTree = "<group>"; };
		E78564281527A4AB0089753F /* WFTEmergencyCallViewController.m */ = {isa = PBXFileReference; fileEncoding = 4; lastKnownFileType = sourcecode.c.objc; path = WFTEmergencyCallViewController.m; sourceTree = "<group>"; };
		E79EF27E1527815E0046FE34 /* WFTMKViewController.h */ = {isa = PBXFileReference; fileEncoding = 4; lastKnownFileType = sourcecode.c.h; path = WFTMKViewController.h; sourceTree = "<group>"; };
		E79EF27F1527815E0046FE34 /* WFTMKViewController.m */ = {isa = PBXFileReference; fileEncoding = 4; lastKnownFileType = sourcecode.c.objc; path = WFTMKViewController.m; sourceTree = "<group>"; };
		E79EF281152781B80046FE34 /* MapKit.framework */ = {isa = PBXFileReference; lastKnownFileType = wrapper.framework; name = MapKit.framework; path = System/Library/Frameworks/MapKit.framework; sourceTree = SDKROOT; };
		E79EF286152786520046FE34 /* WFTSettingsViewController.h */ = {isa = PBXFileReference; fileEncoding = 4; lastKnownFileType = sourcecode.c.h; path = WFTSettingsViewController.h; sourceTree = "<group>"; };
		E79EF287152786520046FE34 /* WFTSettingsViewController.m */ = {isa = PBXFileReference; fileEncoding = 4; lastKnownFileType = sourcecode.c.objc; path = WFTSettingsViewController.m; sourceTree = "<group>"; };
		E79EF28A15278AD40046FE34 /* WFTFireListTableController.h */ = {isa = PBXFileReference; fileEncoding = 4; lastKnownFileType = sourcecode.c.h; path = WFTFireListTableController.h; sourceTree = "<group>"; };
		E79EF28B15278AD40046FE34 /* WFTFireListTableController.m */ = {isa = PBXFileReference; fileEncoding = 4; lastKnownFileType = sourcecode.c.objc; path = WFTFireListTableController.m; sourceTree = "<group>"; };
		E79EF28D15278D3F0046FE34 /* libTestFlight.a */ = {isa = PBXFileReference; lastKnownFileType = archive.ar; path = libTestFlight.a; sourceTree = "<group>"; };
		E79EF28E15278D3F0046FE34 /* TestFlight.h */ = {isa = PBXFileReference; fileEncoding = 4; lastKnownFileType = sourcecode.c.h; path = TestFlight.h; sourceTree = "<group>"; };
		E79EF29015278DA60046FE34 /* WFTUser.h */ = {isa = PBXFileReference; fileEncoding = 4; lastKnownFileType = sourcecode.c.h; path = WFTUser.h; sourceTree = "<group>"; };
		E79EF29115278DA60046FE34 /* WFTUser.m */ = {isa = PBXFileReference; fileEncoding = 4; lastKnownFileType = sourcecode.c.objc; path = WFTUser.m; sourceTree = "<group>"; };
		E7A0B30A1527BFBD00401946 /* 911@2x.png */ = {isa = PBXFileReference; lastKnownFileType = image.png; name = "911@2x.png"; path = "Images/911@2x.png"; sourceTree = "<group>"; };
		E7A0B30B1527BFBD00401946 /* Account@2x.png */ = {isa = PBXFileReference; lastKnownFileType = image.png; name = "Account@2x.png"; path = "Images/Account@2x.png"; sourceTree = "<group>"; };
		E7A0B30C1527BFBD00401946 /* Camera@2x.png */ = {isa = PBXFileReference; lastKnownFileType = image.png; name = "Camera@2x.png"; path = "Images/Camera@2x.png"; sourceTree = "<group>"; };
		E7A0B30D1527BFBD00401946 /* Location@2x.png */ = {isa = PBXFileReference; lastKnownFileType = image.png; name = "Location@2x.png"; path = "Images/Location@2x.png"; sourceTree = "<group>"; };
		E7A0B30E1527BFBD00401946 /* Map@2x.png */ = {isa = PBXFileReference; lastKnownFileType = image.png; name = "Map@2x.png"; path = "Images/Map@2x.png"; sourceTree = "<group>"; };
		E7A0B30F1527BFBD00401946 /* Report@2x.png */ = {isa = PBXFileReference; lastKnownFileType = image.png; name = "Report@2x.png"; path = "Images/Report@2x.png"; sourceTree = "<group>"; };
		E7A0B3161527C1E200401946 /* 911.png */ = {isa = PBXFileReference; lastKnownFileType = image.png; name = 911.png; path = Images/911.png; sourceTree = "<group>"; };
		E7A0B3171527C1E200401946 /* Account.png */ = {isa = PBXFileReference; lastKnownFileType = image.png; name = Account.png; path = Images/Account.png; sourceTree = "<group>"; };
		E7A0B3181527C1E200401946 /* Camera.png */ = {isa = PBXFileReference; lastKnownFileType = image.png; name = Camera.png; path = Images/Camera.png; sourceTree = "<group>"; };
		E7A0B3191527C1E200401946 /* Location.png */ = {isa = PBXFileReference; lastKnownFileType = image.png; name = Location.png; path = Images/Location.png; sourceTree = "<group>"; };
		E7A0B31A1527C1E200401946 /* Map.png */ = {isa = PBXFileReference; lastKnownFileType = image.png; name = Map.png; path = Images/Map.png; sourceTree = "<group>"; };
		E7A0B31B1527C1E200401946 /* Report.png */ = {isa = PBXFileReference; lastKnownFileType = image.png; name = Report.png; path = Images/Report.png; sourceTree = "<group>"; };
		E7A0B3221527CD6D00401946 /* DeletePhoto.png */ = {isa = PBXFileReference; lastKnownFileType = image.png; name = DeletePhoto.png; path = Images/DeletePhoto.png; sourceTree = "<group>"; };
		E7A0B3231527CD6D00401946 /* DeletePhoto@2x.png */ = {isa = PBXFileReference; lastKnownFileType = image.png; name = "DeletePhoto@2x.png"; path = "Images/DeletePhoto@2x.png"; sourceTree = "<group>"; };
		E7A0B3241527CD6D00401946 /* Filter.png */ = {isa = PBXFileReference; lastKnownFileType = image.png; name = Filter.png; path = Images/Filter.png; sourceTree = "<group>"; };
		E7A0B3251527CD6D00401946 /* Filter@2x.png */ = {isa = PBXFileReference; lastKnownFileType = image.png; name = "Filter@2x.png"; path = "Images/Filter@2x.png"; sourceTree = "<group>"; };
		E7A0B3261527CD6D00401946 /* Fire0.png */ = {isa = PBXFileReference; lastKnownFileType = image.png; name = Fire0.png; path = Images/Fire0.png; sourceTree = "<group>"; };
		E7A0B3271527CD6D00401946 /* Fire0@2x.png */ = {isa = PBXFileReference; lastKnownFileType = image.png; name = "Fire0@2x.png"; path = "Images/Fire0@2x.png"; sourceTree = "<group>"; };
		E7A0B3281527CD6D00401946 /* Fire1.png */ = {isa = PBXFileReference; lastKnownFileType = image.png; name = Fire1.png; path = Images/Fire1.png; sourceTree = "<group>"; };
		E7A0B3291527CD6D00401946 /* Fire1@2x.png */ = {isa = PBXFileReference; lastKnownFileType = image.png; name = "Fire1@2x.png"; path = "Images/Fire1@2x.png"; sourceTree = "<group>"; };
		E7A0B32A1527CD6D00401946 /* Fire2.png */ = {isa = PBXFileReference; lastKnownFileType = image.png; name = Fire2.png; path = Images/Fire2.png; sourceTree = "<group>"; };
		E7A0B32B1527CD6D00401946 /* Fire2@2x.png */ = {isa = PBXFileReference; lastKnownFileType = image.png; name = "Fire2@2x.png"; path = "Images/Fire2@2x.png"; sourceTree = "<group>"; };
		E7A0B32C1527CD6D00401946 /* Fire3.png */ = {isa = PBXFileReference; lastKnownFileType = image.png; name = Fire3.png; path = Images/Fire3.png; sourceTree = "<group>"; };
		E7A0B32D1527CD6D00401946 /* Fire3@2x.png */ = {isa = PBXFileReference; lastKnownFileType = image.png; name = "Fire3@2x.png"; path = "Images/Fire3@2x.png"; sourceTree = "<group>"; };
		E7A0B32E1527CD6D00401946 /* List.png */ = {isa = PBXFileReference; lastKnownFileType = image.png; name = List.png; path = Images/List.png; sourceTree = "<group>"; };
		E7A0B32F1527CD6D00401946 /* List@2x.png */ = {isa = PBXFileReference; lastKnownFileType = image.png; name = "List@2x.png"; path = "Images/List@2x.png"; sourceTree = "<group>"; };
		E7A0B3301527CD6D00401946 /* Search.png */ = {isa = PBXFileReference; lastKnownFileType = image.png; name = Search.png; path = Images/Search.png; sourceTree = "<group>"; };
		E7A0B3311527CD6D00401946 /* Search@2x.png */ = {isa = PBXFileReference; lastKnownFileType = image.png; name = "Search@2x.png"; path = "Images/Search@2x.png"; sourceTree = "<group>"; };
/* End PBXFileReference section */

/* Begin PBXFrameworksBuildPhase section */
		E74A0C83152772DB00B06805 /* Frameworks */ = {
			isa = PBXFrameworksBuildPhase;
			buildActionMask = 2147483647;
			files = (
				E764D8EF15281ABE00BD07D4 /* QuartzCore.framework in Frameworks */,
				E785641F152790240089753F /* libz.dylib in Frameworks */,
				E79EF282152781B80046FE34 /* MapKit.framework in Frameworks */,
				E74A0CD71527753E00B06805 /* Twitter.framework in Frameworks */,
				E74A0CD51527753800B06805 /* CoreLocation.framework in Frameworks */,
				E74A0C8B152772DB00B06805 /* UIKit.framework in Frameworks */,
				E74A0C8D152772DB00B06805 /* Foundation.framework in Frameworks */,
				E74A0C8F152772DB00B06805 /* CoreGraphics.framework in Frameworks */,
				E79EF28F15278D3F0046FE34 /* libTestFlight.a in Frameworks */,
			);
			runOnlyForDeploymentPostprocessing = 0;
		};
		E74A0CB1152772DC00B06805 /* Frameworks */ = {
			isa = PBXFrameworksBuildPhase;
			buildActionMask = 2147483647;
			files = (
				E74A0CB7152772DC00B06805 /* SenTestingKit.framework in Frameworks */,
				E74A0CB8152772DC00B06805 /* UIKit.framework in Frameworks */,
				E74A0CB9152772DC00B06805 /* Foundation.framework in Frameworks */,
			);
			runOnlyForDeploymentPostprocessing = 0;
		};
/* End PBXFrameworksBuildPhase section */

/* Begin PBXGroup section */
		E74A0C7B152772DB00B06805 = {
			isa = PBXGroup;
			children = (
				E764D8D41527D83A00BD07D4 /* Icon.png */,
				E764D8D21527D83000BD07D4 /* Icon@2x.png */,
				E74A0C90152772DB00B06805 /* Tracker */,
				E74A0CBC152772DC00B06805 /* TrackerTests */,
				E74A0C89152772DB00B06805 /* Frameworks */,
				E74A0C87152772DB00B06805 /* Products */,
			);
			sourceTree = "<group>";
		};
		E74A0C87152772DB00B06805 /* Products */ = {
			isa = PBXGroup;
			children = (
				E74A0C86152772DB00B06805 /* Tracker.app */,
				E74A0CB5152772DC00B06805 /* TrackerTests.octest */,
			);
			name = Products;
			sourceTree = "<group>";
		};
		E74A0C89152772DB00B06805 /* Frameworks */ = {
			isa = PBXGroup;
			children = (
				E764D8EE15281ABE00BD07D4 /* QuartzCore.framework */,
				E785641E152790240089753F /* libz.dylib */,
				E79EF289152788130046FE34 /* TestFlight */,
				E79EF281152781B80046FE34 /* MapKit.framework */,
				E74A0CD61527753E00B06805 /* Twitter.framework */,
				E74A0CD41527753800B06805 /* CoreLocation.framework */,
				E74A0C8A152772DB00B06805 /* UIKit.framework */,
				E74A0C8C152772DB00B06805 /* Foundation.framework */,
				E74A0C8E152772DB00B06805 /* CoreGraphics.framework */,
				E74A0CB6152772DC00B06805 /* SenTestingKit.framework */,
			);
			name = Frameworks;
			sourceTree = "<group>";
		};
		E74A0C90152772DB00B06805 /* Tracker */ = {
			isa = PBXGroup;
			children = (
				E74A0CD0152774E500B06805 /* Classes */,
				E74A0C99152772DB00B06805 /* WFTAppDelegate.h */,
				E74A0C9A152772DC00B06805 /* WFTAppDelegate.m */,
				E74A0CCE1527733600B06805 /* Storyboards */,
				E74A0CCF152773E600B06805 /* View Controllers */,
				E74A0CCD1527731400B06805 /* Images */,
				E74A0C91152772DB00B06805 /* Supporting Files */,
			);
			path = Tracker;
			sourceTree = "<group>";
		};
		E74A0C91152772DB00B06805 /* Supporting Files */ = {
			isa = PBXGroup;
			children = (
				E74A0C92152772DB00B06805 /* Tracker-Info.plist */,
				E74A0C93152772DB00B06805 /* InfoPlist.strings */,
				E74A0C96152772DB00B06805 /* main.m */,
				E74A0C98152772DB00B06805 /* Tracker-Prefix.pch */,
			);
			name = "Supporting Files";
			sourceTree = "<group>";
		};
		E74A0CBC152772DC00B06805 /* TrackerTests */ = {
			isa = PBXGroup;
			children = (
				E74A0CC2152772DC00B06805 /* TrackerTests.h */,
				E74A0CC3152772DC00B06805 /* TrackerTests.m */,
				E74A0CBD152772DC00B06805 /* Supporting Files */,
			);
			path = TrackerTests;
			sourceTree = "<group>";
		};
		E74A0CBD152772DC00B06805 /* Supporting Files */ = {
			isa = PBXGroup;
			children = (
				E74A0CBE152772DC00B06805 /* TrackerTests-Info.plist */,
				E74A0CBF152772DC00B06805 /* InfoPlist.strings */,
			);
			name = "Supporting Files";
			sourceTree = "<group>";
		};
		E74A0CCD1527731400B06805 /* Images */ = {
			isa = PBXGroup;
			children = (
				E764D8DA152803A000BD07D4 /* Call911.png */,
				E764D8DB152803A000BD07D4 /* Call911@2x.png */,
				E764D8DC152803A000BD07D4 /* ReportUIBackground@2x.png */,
				E764D8D61527E28200BD07D4 /* Button.png */,
				E764D8D71527E28200BD07D4 /* Button@2x.png */,
				E764D8D01527D82100BD07D4 /* Icon@2x.png */,
				E764D8CD1527D78B00BD07D4 /* Icon.png */,
				E7A0B3221527CD6D00401946 /* DeletePhoto.png */,
				E7A0B3231527CD6D00401946 /* DeletePhoto@2x.png */,
				E7A0B3241527CD6D00401946 /* Filter.png */,
				E7A0B3251527CD6D00401946 /* Filter@2x.png */,
				E7A0B3261527CD6D00401946 /* Fire0.png */,
				E7A0B3271527CD6D00401946 /* Fire0@2x.png */,
				E7A0B3281527CD6D00401946 /* Fire1.png */,
				E7A0B3291527CD6D00401946 /* Fire1@2x.png */,
				E7A0B32A1527CD6D00401946 /* Fire2.png */,
				E7A0B32B1527CD6D00401946 /* Fire2@2x.png */,
				E7A0B32C1527CD6D00401946 /* Fire3.png */,
				E7A0B32D1527CD6D00401946 /* Fire3@2x.png */,
				E7A0B32E1527CD6D00401946 /* List.png */,
				E7A0B32F1527CD6D00401946 /* List@2x.png */,
				E7A0B3301527CD6D00401946 /* Search.png */,
				E7A0B3311527CD6D00401946 /* Search@2x.png */,
				E7A0B3161527C1E200401946 /* 911.png */,
				E7A0B3171527C1E200401946 /* Account.png */,
				E7A0B3181527C1E200401946 /* Camera.png */,
				E7A0B3191527C1E200401946 /* Location.png */,
				E7A0B31A1527C1E200401946 /* Map.png */,
				E7A0B31B1527C1E200401946 /* Report.png */,
				E7A0B30A1527BFBD00401946 /* 911@2x.png */,
				E7A0B30B1527BFBD00401946 /* Account@2x.png */,
				E7A0B30C1527BFBD00401946 /* Camera@2x.png */,
				E7A0B30D1527BFBD00401946 /* Location@2x.png */,
				E7A0B30E1527BFBD00401946 /* Map@2x.png */,
				E7A0B30F1527BFBD00401946 /* Report@2x.png */,
			);
			name = Images;
			sourceTree = "<group>";
		};
		E74A0CCE1527733600B06805 /* Storyboards */ = {
			isa = PBXGroup;
			children = (
				E74A0C9C152772DC00B06805 /* MainStoryboard_iPhone.storyboard */,
				E74A0C9F152772DC00B06805 /* MainStoryboard_iPad.storyboard */,
			);
			name = Storyboards;
			sourceTree = "<group>";
		};
		E74A0CCF152773E600B06805 /* View Controllers */ = {
			isa = PBXGroup;
			children = (
				E74A0CA2152772DC00B06805 /* WFTFirstViewController.h */,
				E74A0CA3152772DC00B06805 /* WFTFirstViewController.m */,
				E79EF27E1527815E0046FE34 /* WFTMKViewController.h */,
				E79EF27F1527815E0046FE34 /* WFTMKViewController.m */,
				E79EF286152786520046FE34 /* WFTSettingsViewController.h */,
				E79EF287152786520046FE34 /* WFTSettingsViewController.m */,
				E79EF28A15278AD40046FE34 /* WFTFireListTableController.h */,
				E79EF28B15278AD40046FE34 /* WFTFireListTableController.m */,
				E7856421152791FF0089753F /* WFTReportViewController.h */,
				E7856422152791FF0089753F /* WFTReportViewController.m */,
				E78564271527A4AB0089753F /* WFTEmergencyCallViewController.h */,
				E78564281527A4AB0089753F /* WFTEmergencyCallViewController.m */,
				E764D8E015280D2800BD07D4 /* WFTSubmitReportFinalViewController.h */,
				E764D8E115280D2800BD07D4 /* WFTSubmitReportFinalViewController.m */,
				E764D8E31528120E00BD07D4 /* WFTSubmissionNavigationViewController.h */,
				E764D8E41528120E00BD07D4 /* WFTSubmissionNavigationViewController.m */,
			);
			name = "View Controllers";
			sourceTree = "<group>";
		};
		E74A0CD0152774E500B06805 /* Classes */ = {
			isa = PBXGroup;
			children = (
				E74A0CD11527750600B06805 /* WFTLocate.h */,
				E74A0CD21527750600B06805 /* WFTLocate.m */,
				E79EF29015278DA60046FE34 /* WFTUser.h */,
				E79EF29115278DA60046FE34 /* WFTUser.m */,
				E78564241527971A0089753F /* WFTSubmission.h */,
				E78564251527971A0089753F /* WFTSubmission.m */,
				E764D8F015281DEE00BD07D4 /* WFTJSONRequest.h */,
				E764D8F115281DEE00BD07D4 /* WFTJSONRequest.m */,
			);
			name = Classes;
			sourceTree = "<group>";
		};
		E79EF289152788130046FE34 /* TestFlight */ = {
			isa = PBXGroup;
			children = (
				E79EF28D15278D3F0046FE34 /* libTestFlight.a */,
				E79EF28E15278D3F0046FE34 /* TestFlight.h */,
			);
			name = TestFlight;
			sourceTree = "<group>";
		};
/* End PBXGroup section */

/* Begin PBXNativeTarget section */
		E74A0C85152772DB00B06805 /* Tracker */ = {
			isa = PBXNativeTarget;
			buildConfigurationList = E74A0CC7152772DC00B06805 /* Build configuration list for PBXNativeTarget "Tracker" */;
			buildPhases = (
				E74A0C82152772DB00B06805 /* Sources */,
				E74A0C83152772DB00B06805 /* Frameworks */,
				E74A0C84152772DB00B06805 /* Resources */,
			);
			buildRules = (
			);
			dependencies = (
			);
			name = Tracker;
			productName = Tracker;
			productReference = E74A0C86152772DB00B06805 /* Tracker.app */;
			productType = "com.apple.product-type.application";
		};
		E74A0CB4152772DC00B06805 /* TrackerTests */ = {
			isa = PBXNativeTarget;
			buildConfigurationList = E74A0CCA152772DC00B06805 /* Build configuration list for PBXNativeTarget "TrackerTests" */;
			buildPhases = (
				E74A0CB0152772DC00B06805 /* Sources */,
				E74A0CB1152772DC00B06805 /* Frameworks */,
				E74A0CB2152772DC00B06805 /* Resources */,
				E74A0CB3152772DC00B06805 /* ShellScript */,
			);
			buildRules = (
			);
			dependencies = (
				E74A0CBB152772DC00B06805 /* PBXTargetDependency */,
			);
			name = TrackerTests;
			productName = TrackerTests;
			productReference = E74A0CB5152772DC00B06805 /* TrackerTests.octest */;
			productType = "com.apple.product-type.bundle";
		};
/* End PBXNativeTarget section */

/* Begin PBXProject section */
		E74A0C7D152772DB00B06805 /* Project object */ = {
			isa = PBXProject;
			attributes = {
				CLASSPREFIX = WFT;
				LastUpgradeCheck = 0430;
			};
			buildConfigurationList = E74A0C80152772DB00B06805 /* Build configuration list for PBXProject "Tracker" */;
			compatibilityVersion = "Xcode 3.2";
			developmentRegion = English;
			hasScannedForEncodings = 0;
			knownRegions = (
				en,
			);
			mainGroup = E74A0C7B152772DB00B06805;
			productRefGroup = E74A0C87152772DB00B06805 /* Products */;
			projectDirPath = "";
			projectRoot = "";
			targets = (
				E74A0C85152772DB00B06805 /* Tracker */,
				E74A0CB4152772DC00B06805 /* TrackerTests */,
			);
		};
/* End PBXProject section */

/* Begin PBXResourcesBuildPhase section */
		E74A0C84152772DB00B06805 /* Resources */ = {
			isa = PBXResourcesBuildPhase;
			buildActionMask = 2147483647;
			files = (
				E74A0C95152772DB00B06805 /* InfoPlist.strings in Resources */,
				E74A0C9E152772DC00B06805 /* MainStoryboard_iPhone.storyboard in Resources */,
				E74A0CA1152772DC00B06805 /* MainStoryboard_iPad.storyboard in Resources */,
				E7A0B3101527BFBD00401946 /* 911@2x.png in Resources */,
				E7A0B3111527BFBD00401946 /* Account@2x.png in Resources */,
				E7A0B3121527BFBD00401946 /* Camera@2x.png in Resources */,
				E7A0B3131527BFBD00401946 /* Location@2x.png in Resources */,
				E7A0B3141527BFBD00401946 /* Map@2x.png in Resources */,
				E7A0B3151527BFBD00401946 /* Report@2x.png in Resources */,
				E7A0B31C1527C1E200401946 /* 911.png in Resources */,
				E7A0B31D1527C1E200401946 /* Account.png in Resources */,
				E7A0B31E1527C1E200401946 /* Camera.png in Resources */,
				E7A0B31F1527C1E200401946 /* Location.png in Resources */,
				E7A0B3201527C1E200401946 /* Map.png in Resources */,
				E7A0B3211527C1E200401946 /* Report.png in Resources */,
				E7A0B3321527CD6D00401946 /* DeletePhoto.png in Resources */,
				E7A0B3331527CD6D00401946 /* DeletePhoto@2x.png in Resources */,
				E7A0B3341527CD6D00401946 /* Filter.png in Resources */,
				E7A0B3351527CD6D00401946 /* Filter@2x.png in Resources */,
				E7A0B3361527CD6D00401946 /* Fire0.png in Resources */,
				E7A0B3371527CD6D00401946 /* Fire0@2x.png in Resources */,
				E7A0B3381527CD6D00401946 /* Fire1.png in Resources */,
				E7A0B3391527CD6D00401946 /* Fire1@2x.png in Resources */,
				E7A0B33A1527CD6D00401946 /* Fire2.png in Resources */,
				E7A0B33B1527CD6D00401946 /* Fire2@2x.png in Resources */,
				E7A0B33C1527CD6D00401946 /* Fire3.png in Resources */,
				E7A0B33D1527CD6D00401946 /* Fire3@2x.png in Resources */,
				E7A0B33E1527CD6D00401946 /* List.png in Resources */,
				E7A0B33F1527CD6D00401946 /* List@2x.png in Resources */,
				E7A0B3401527CD6D00401946 /* Search.png in Resources */,
				E7A0B3411527CD6D00401946 /* Search@2x.png in Resources */,
				E764D8CE1527D78B00BD07D4 /* Icon.png in Resources */,
				E764D8D11527D82100BD07D4 /* Icon@2x.png in Resources */,
				E764D8D31527D83000BD07D4 /* Icon@2x.png in Resources */,
				E764D8D51527D83A00BD07D4 /* Icon.png in Resources */,
				E764D8D81527E28200BD07D4 /* Button.png in Resources */,
				E764D8D91527E28200BD07D4 /* Button@2x.png in Resources */,
				E764D8DD152803A000BD07D4 /* Call911.png in Resources */,
				E764D8DE152803A000BD07D4 /* Call911@2x.png in Resources */,
				E764D8DF152803A000BD07D4 /* ReportUIBackground@2x.png in Resources */,
			);
			runOnlyForDeploymentPostprocessing = 0;
		};
		E74A0CB2152772DC00B06805 /* Resources */ = {
			isa = PBXResourcesBuildPhase;
			buildActionMask = 2147483647;
			files = (
				E74A0CC1152772DC00B06805 /* InfoPlist.strings in Resources */,
			);
			runOnlyForDeploymentPostprocessing = 0;
		};
/* End PBXResourcesBuildPhase section */

/* Begin PBXShellScriptBuildPhase section */
		E74A0CB3152772DC00B06805 /* ShellScript */ = {
			isa = PBXShellScriptBuildPhase;
			buildActionMask = 2147483647;
			files = (
			);
			inputPaths = (
			);
			outputPaths = (
			);
			runOnlyForDeploymentPostprocessing = 0;
			shellPath = /bin/sh;
			shellScript = "# Run the unit tests in this test bundle.\n\"${SYSTEM_DEVELOPER_DIR}/Tools/RunUnitTests\"\n";
		};
/* End PBXShellScriptBuildPhase section */

/* Begin PBXSourcesBuildPhase section */
		E74A0C82152772DB00B06805 /* Sources */ = {
			isa = PBXSourcesBuildPhase;
			buildActionMask = 2147483647;
			files = (
				E74A0C97152772DB00B06805 /* main.m in Sources */,
				E74A0C9B152772DC00B06805 /* WFTAppDelegate.m in Sources */,
				E74A0CA4152772DC00B06805 /* WFTFirstViewController.m in Sources */,
				E74A0CD31527750600B06805 /* WFTLocate.m in Sources */,
				E79EF2801527815E0046FE34 /* WFTMKViewController.m in Sources */,
				E79EF288152786520046FE34 /* WFTSettingsViewController.m in Sources */,
				E79EF28C15278AD40046FE34 /* WFTFireListTableController.m in Sources */,
				E79EF29215278DA60046FE34 /* WFTUser.m in Sources */,
				E7856423152791FF0089753F /* WFTReportViewController.m in Sources */,
				E78564261527971A0089753F /* WFTSubmission.m in Sources */,
				E78564291527A4AB0089753F /* WFTEmergencyCallViewController.m in Sources */,
				E764D8E215280D2800BD07D4 /* WFTSubmitReportFinalViewController.m in Sources */,
				E764D8E51528120E00BD07D4 /* WFTSubmissionNavigationViewController.m in Sources */,
				E764D8F215281DEE00BD07D4 /* WFTJSONRequest.m in Sources */,
			);
			runOnlyForDeploymentPostprocessing = 0;
		};
		E74A0CB0152772DC00B06805 /* Sources */ = {
			isa = PBXSourcesBuildPhase;
			buildActionMask = 2147483647;
			files = (
				E74A0CC4152772DC00B06805 /* TrackerTests.m in Sources */,
			);
			runOnlyForDeploymentPostprocessing = 0;
		};
/* End PBXSourcesBuildPhase section */

/* Begin PBXTargetDependency section */
		E74A0CBB152772DC00B06805 /* PBXTargetDependency */ = {
			isa = PBXTargetDependency;
			target = E74A0C85152772DB00B06805 /* Tracker */;
			targetProxy = E74A0CBA152772DC00B06805 /* PBXContainerItemProxy */;
		};
/* End PBXTargetDependency section */

/* Begin PBXVariantGroup section */
		E74A0C93152772DB00B06805 /* InfoPlist.strings */ = {
			isa = PBXVariantGroup;
			children = (
				E74A0C94152772DB00B06805 /* en */,
			);
			name = InfoPlist.strings;
			sourceTree = "<group>";
		};
		E74A0C9C152772DC00B06805 /* MainStoryboard_iPhone.storyboard */ = {
			isa = PBXVariantGroup;
			children = (
				E74A0C9D152772DC00B06805 /* en */,
			);
			name = MainStoryboard_iPhone.storyboard;
			sourceTree = "<group>";
		};
		E74A0C9F152772DC00B06805 /* MainStoryboard_iPad.storyboard */ = {
			isa = PBXVariantGroup;
			children = (
				E74A0CA0152772DC00B06805 /* en */,
			);
			name = MainStoryboard_iPad.storyboard;
			sourceTree = "<group>";
		};
		E74A0CBF152772DC00B06805 /* InfoPlist.strings */ = {
			isa = PBXVariantGroup;
			children = (
				E74A0CC0152772DC00B06805 /* en */,
			);
			name = InfoPlist.strings;
			sourceTree = "<group>";
		};
/* End PBXVariantGroup section */

/* Begin XCBuildConfiguration section */
		E74A0CC5152772DC00B06805 /* Debug */ = {
			isa = XCBuildConfiguration;
			buildSettings = {
				ALWAYS_SEARCH_USER_PATHS = NO;
				ARCHS = "$(ARCHS_STANDARD_32_BIT)";
				CLANG_ENABLE_OBJC_ARC = YES;
				"CODE_SIGN_IDENTITY[sdk=iphoneos*]" = "iPhone Developer";
				COPY_PHASE_STRIP = NO;
				GCC_C_LANGUAGE_STANDARD = gnu99;
				GCC_DYNAMIC_NO_PIC = NO;
				GCC_OPTIMIZATION_LEVEL = 0;
				GCC_PREPROCESSOR_DEFINITIONS = (
					"DEBUG=1",
					"$(inherited)",
				);
				GCC_SYMBOLS_PRIVATE_EXTERN = NO;
				GCC_VERSION = com.apple.compilers.llvm.clang.1_0;
				GCC_WARN_ABOUT_RETURN_TYPE = YES;
				GCC_WARN_UNINITIALIZED_AUTOS = YES;
				GCC_WARN_UNUSED_VARIABLE = YES;
				IPHONEOS_DEPLOYMENT_TARGET = 5.1;
				SDKROOT = iphoneos;
				TARGETED_DEVICE_FAMILY = "1,2";
			};
			name = Debug;
		};
		E74A0CC6152772DC00B06805 /* Release */ = {
			isa = XCBuildConfiguration;
			buildSettings = {
				ALWAYS_SEARCH_USER_PATHS = NO;
				ARCHS = "$(ARCHS_STANDARD_32_BIT)";
				CLANG_ENABLE_OBJC_ARC = YES;
				"CODE_SIGN_IDENTITY[sdk=iphoneos*]" = "iPhone Developer";
				COPY_PHASE_STRIP = YES;
				GCC_C_LANGUAGE_STANDARD = gnu99;
				GCC_VERSION = com.apple.compilers.llvm.clang.1_0;
				GCC_WARN_ABOUT_RETURN_TYPE = YES;
				GCC_WARN_UNINITIALIZED_AUTOS = YES;
				GCC_WARN_UNUSED_VARIABLE = YES;
				IPHONEOS_DEPLOYMENT_TARGET = 5.1;
				OTHER_CFLAGS = "-DNS_BLOCK_ASSERTIONS=1";
				SDKROOT = iphoneos;
				TARGETED_DEVICE_FAMILY = "1,2";
				VALIDATE_PRODUCT = YES;
			};
			name = Release;
		};
		E74A0CC8152772DC00B06805 /* Debug */ = {
			isa = XCBuildConfiguration;
			buildSettings = {
				GCC_PRECOMPILE_PREFIX_HEADER = YES;
				GCC_PREFIX_HEADER = "Tracker/Tracker-Prefix.pch";
				INFOPLIST_FILE = "Tracker/Tracker-Info.plist";
				LIBRARY_SEARCH_PATHS = (
					"$(inherited)",
					"\"$(SRCROOT)\"",
				);
				PRODUCT_NAME = "$(TARGET_NAME)";
				TARGETED_DEVICE_FAMILY = 1;
				WRAPPER_EXTENSION = app;
			};
			name = Debug;
		};
		E74A0CC9152772DC00B06805 /* Release */ = {
			isa = XCBuildConfiguration;
			buildSettings = {
				GCC_PRECOMPILE_PREFIX_HEADER = YES;
				GCC_PREFIX_HEADER = "Tracker/Tracker-Prefix.pch";
				INFOPLIST_FILE = "Tracker/Tracker-Info.plist";
				LIBRARY_SEARCH_PATHS = (
					"$(inherited)",
					"\"$(SRCROOT)\"",
				);
				PRODUCT_NAME = "$(TARGET_NAME)";
				TARGETED_DEVICE_FAMILY = 1;
				WRAPPER_EXTENSION = app;
			};
			name = Release;
		};
		E74A0CCB152772DC00B06805 /* Debug */ = {
			isa = XCBuildConfiguration;
			buildSettings = {
				BUNDLE_LOADER = "$(BUILT_PRODUCTS_DIR)/Tracker.app/Tracker";
				FRAMEWORK_SEARCH_PATHS = (
					"$(SDKROOT)/Developer/Library/Frameworks",
					"$(DEVELOPER_LIBRARY_DIR)/Frameworks",
				);
				GCC_PRECOMPILE_PREFIX_HEADER = YES;
				GCC_PREFIX_HEADER = "Tracker/Tracker-Prefix.pch";
				INFOPLIST_FILE = "TrackerTests/TrackerTests-Info.plist";
				PRODUCT_NAME = "$(TARGET_NAME)";
				TEST_HOST = "$(BUNDLE_LOADER)";
				WRAPPER_EXTENSION = octest;
			};
			name = Debug;
		};
		E74A0CCC152772DC00B06805 /* Release */ = {
			isa = XCBuildConfiguration;
			buildSettings = {
				BUNDLE_LOADER = "$(BUILT_PRODUCTS_DIR)/Tracker.app/Tracker";
				FRAMEWORK_SEARCH_PATHS = (
					"$(SDKROOT)/Developer/Library/Frameworks",
					"$(DEVELOPER_LIBRARY_DIR)/Frameworks",
				);
				GCC_PRECOMPILE_PREFIX_HEADER = YES;
				GCC_PREFIX_HEADER = "Tracker/Tracker-Prefix.pch";
				INFOPLIST_FILE = "TrackerTests/TrackerTests-Info.plist";
				PRODUCT_NAME = "$(TARGET_NAME)";
				TEST_HOST = "$(BUNDLE_LOADER)";
				WRAPPER_EXTENSION = octest;
			};
			name = Release;
		};
/* End XCBuildConfiguration section */

/* Begin XCConfigurationList section */
		E74A0C80152772DB00B06805 /* Build configuration list for PBXProject "Tracker" */ = {
			isa = XCConfigurationList;
			buildConfigurations = (
				E74A0CC5152772DC00B06805 /* Debug */,
				E74A0CC6152772DC00B06805 /* Release */,
			);
			defaultConfigurationIsVisible = 0;
			defaultConfigurationName = Release;
		};
		E74A0CC7152772DC00B06805 /* Build configuration list for PBXNativeTarget "Tracker" */ = {
			isa = XCConfigurationList;
			buildConfigurations = (
				E74A0CC8152772DC00B06805 /* Debug */,
				E74A0CC9152772DC00B06805 /* Release */,
			);
			defaultConfigurationIsVisible = 0;
			defaultConfigurationName = Release;
		};
		E74A0CCA152772DC00B06805 /* Build configuration list for PBXNativeTarget "TrackerTests" */ = {
			isa = XCConfigurationList;
			buildConfigurations = (
				E74A0CCB152772DC00B06805 /* Debug */,
				E74A0CCC152772DC00B06805 /* Release */,
			);
			defaultConfigurationIsVisible = 0;
			defaultConfigurationName = Release;
		};
/* End XCConfigurationList section */
	};
	rootObject = E74A0C7D152772DB00B06805 /* Project object */;
}
